
Microsoft Visual Studio Solution File, Format Version 12.00
# Visual Studio Version 17
VisualStudioVersion = 17.4.33205.214
MinimumVisualStudioVersion = 10.0.40219.1
Project("{9A19103F-16F7-4668-BE54-9A1E7A4F7556}") = "NorthwindApp.API", "src\NorthwindApp.API\NorthwindApp.API.csproj", "{06E56E0B-2E8A-4C92-9755-BCC64F6CD58B}"
EndProject
Project("{FAE04EC0-301F-11D3-BF4B-00C04F79EFBC}") = "NorthwindApp.Data", "src\NorthwindApp.Data\NorthwindApp.Data.csproj", "{A9B19DB3-DF32-4465-93D2-E0F11FCA2B05}"
EndProject
Project("{FAE04EC0-301F-11D3-BF4B-00C04F79EFBC}") = "NorthwindApp.Services", "src\NorthwindApp.Services\NorthwindApp.Services.csproj", "{DD0343BE-28FC-41D8-927D-A65CA32F0286}"
EndProject
Global
	GlobalSection(SolutionConfigurationPlatforms) = preSolution
		Debug|Any CPU = Debug|Any CPU
		Release|Any CPU = Release|Any CPU
	EndGlobalSection
	GlobalSection(ProjectConfigurationPlatforms) = postSolution
		{06E56E0B-2E8A-4C92-9755-BCC64F6CD58B}.Debug|Any CPU.ActiveCfg = Debug|Any CPU
		{06E56E0B-2E8A-4C92-9755-BCC64F6CD58B}.Debug|Any CPU.Build.0 = Debug|Any CPU
		{06E56E0B-2E8A-4C92-9755-BCC64F6CD58B}.Release|Any CPU.ActiveCfg = Release|Any CPU
		{06E56E0B-2E8A-4C92-9755-BCC64F6CD58B}.Release|Any CPU.Build.0 = Release|Any CPU
		{A9B19DB3-DF32-4465-93D2-E0F11FCA2B05}.Debug|Any CPU.ActiveCfg = Debug|Any CPU
		{A9B19DB3-DF32-4465-93D2-E0F11FCA2B05}.Debug|Any CPU.Build.0 = Debug|Any CPU
		{A9B19DB3-DF32-4465-93D2-E0F11FCA2B05}.Release|Any CPU.ActiveCfg = Release|Any CPU
		{A9B19DB3-DF32-4465-93D2-E0F11FCA2B05}.Release|Any CPU.Build.0 = Release|Any CPU
		{DD0343BE-28FC-41D8-927D-A65CA32F0286}.Debug|Any CPU.ActiveCfg = Debug|Any CPU
		{DD0343BE-28FC-41D8-927D-A65CA32F0286}.Debug|Any CPU.Build.0 = Debug|Any CPU
		{DD0343BE-28FC-41D8-927D-A65CA32F0286}.Release|Any CPU.ActiveCfg = Release|Any CPU
		{DD0343BE-28FC-41D8-927D-A65CA32F0286}.Release|Any CPU.Build.0 = Release|Any CPU
	EndGlobalSection
	GlobalSection(SolutionProperties) = preSolution
		HideSolutionNode = FALSE
	EndGlobalSection
	GlobalSection(ExtensibilityGlobals) = postSolution
		SolutionGuid = {424DFED1-CE6B-455D-AE7B-1E8F9BEF2984}
	EndGlobalSection
EndGlobal
